
Microsoft Visual Studio Solution File, Format Version 12.00
# Visual Studio 15
VisualStudioVersion = 15.0.27004.2002
MinimumVisualStudioVersion = 10.0.40219.1
Project("{FAE04EC0-301F-11D3-BF4B-00C04F79EFBC}") = "FSM", "FSM\FSM.csproj", "{1529FD3C-F3DF-46F4-AE5E-9DECE55E5B79}"
EndProject
Global
	GlobalSection(SolutionConfigurationPlatforms) = preSolution
		Debug|Any CPU = Debug|Any CPU
		Release|Any CPU = Release|Any CPU
	EndGlobalSection
	GlobalSection(ProjectConfigurationPlatforms) = postSolution
		{1529FD3C-F3DF-46F4-AE5E-9DECE55E5B79}.Debug|Any CPU.ActiveCfg = Debug|Any CPU
		{1529FD3C-F3DF-46F4-AE5E-9DECE55E5B79}.Debug|Any CPU.Build.0 = Debug|Any CPU
		{1529FD3C-F3DF-46F4-AE5E-9DECE55E5B79}.Release|Any CPU.ActiveCfg = Release|Any CPU
		{1529FD3C-F3DF-46F4-AE5E-9DECE55E5B79}.Release|Any CPU.Build.0 = Release|Any CPU
	EndGlobalSection
	GlobalSection(SolutionProperties) = preSolution
		HideSolutionNode = FALSE
	EndGlobalSection
	GlobalSection(ExtensibilityGlobals) = postSolution
		SolutionGuid = {B10051CF-B4D5-493C-B5BA-273A57693D92}
	EndGlobalSection
EndGlobal
